{
  "name": "assets",
  "version": "1.0.0",
  "lockfileVersion": 3,
  "requires": true,
  "packages": {
    "": {
      "name": "assets",
      "version": "1.0.0",
      "license": "ISC",
      "dependencies": {
        "three": "^0.175.0"
      }
    },
    "node_modules/three": {
      "version": "0.175.0",
      "resolved": "https://registry.npmjs.org/three/-/three-0.175.0.tgz",
      "integrity": "sha512-nNE3pnTHxXN/Phw768u0Grr7W4+rumGg/H6PgeseNJojkJtmeHJfZWi41Gp2mpXl1pg1pf1zjwR4McM1jTqkpg==",
      "license": "MIT"
    }
  }
}
